# Pinned base images for the Ariadne Docker stack.
# Every image is pinned by SHA-256 digest for reproducible builds.
# Update by pulling the upstream tag, recording its digest, and committing.
images:
  - image: "alpine"
    digest: "sha256:e7a1a92a5bfeee40966aea60f0796b0e7917cc35591542701834f03a68fa3d18"
    platform: "linux/arm64"
    retrieved_at: "2026-07-29T00:00:00Z"
    url: "https://hub.docker.com/_/alpine"

  - image: "alpine"
    digest: "sha256:79ff19e9084a00eece421b2523fb93e22d730e2c0e525905de047e848e56d95f"
    platform: "linux/amd64"
    retrieved_at: "2026-07-29T00:00:00Z"
    url: "https://hub.docker.com/_/alpine"

  - image: "kalilinux/kali-rolling"
    digest: "sha256:2951c3e7760bf1d85e1475dafcc5ea8a637fc53e14e84dd9638dd5d1d6fe843b"
    platform: "linux/arm64"
    retrieved_at: "2026-07-29T00:00:00Z"
    url: "https://hub.docker.com/r/kalilinux/kali-rolling"

  - image: "kalilinux/kali-rolling"
    digest: "sha256:9331112510bb408aac17e606c920ff1623897887d85946e27aca8e55223fdcc7"
    platform: "linux/amd64"
    retrieved_at: "2026-07-29T00:00:00Z"
    url: "https://hub.docker.com/r/kalilinux/kali-rolling"

  - image: "ariadne-kali"
    digest: "sha256:b2bc76681e69258d2718034c74d5d003e462c1913a0064a945b764d59a8a86f4"
    platform: "linux/arm64"
    retrieved_at: "2026-07-30T04:42:00Z"
    url: "file://containers/kali/Dockerfile"

  - image: "ariadne-netguard"
    digest: "sha256:0da048944617b30d54d330d8fd983924ccc2bef45205e901f467229808a95789"
    platform: "linux/arm64"
    retrieved_at: "2026-07-29T00:00:00Z"
    url: "file://containers/netguard/Dockerfile"
